
Microsoft Visual Studio Solution File, Format Version 12.00
# Visual Studio Version 17
VisualStudioVersion = 17.2.32526.322
MinimumVisualStudioVersion = 10.0.40219.1
Project("{2150E333-8FDC-42A3-9474-1A3956D46DE8}") = "_docs", "_docs", "{3F6A27DD-241D-4994-9071-1264B9C69225}"
	ProjectSection(SolutionItems) = preProject
		Migration.txt = Migration.txt
	EndProjectSection
EndProject
Project("{2150E333-8FDC-42A3-9474-1A3956D46DE8}") = "api", "api", "{A64AC78E-060B-4975-A514-6833045BB774}"
EndProject
Project("{2150E333-8FDC-42A3-9474-1A3956D46DE8}") = "common", "common", "{261ECEB8-2FB4-4391-98ED-5D0B7396FB3C}"
EndProject
Project("{9A19103F-16F7-4668-BE54-9A1E7A4F7556}") = "Circle.Api", "api\Circle.Api\Circle.Api.csproj", "{787E06E4-E968-49BB-87C1-B3DA1E7EB6C8}"
EndProject
Project("{2150E333-8FDC-42A3-9474-1A3956D46DE8}") = "data", "data", "{4BF44994-C944-42E6-85FC-ABE7113934A8}"
EndProject
Project("{9A19103F-16F7-4668-BE54-9A1E7A4F7556}") = "Circle.Data", "data\Circle.Data\Circle.Data.csproj", "{EFE6B20B-C1CE-41D8-A2B8-62D890735EFD}"
EndProject
Project("{9A19103F-16F7-4668-BE54-9A1E7A4F7556}") = "Circle.Entities", "data\Circle.Entities\Circle.Entities.csproj", "{4AB6A3AA-E43D-4154-BD40-11605BF7FEC4}"
EndProject
Project("{9A19103F-16F7-4668-BE54-9A1E7A4F7556}") = "Circle.Common", "common\Circle.Common\Circle.Common.csproj", "{6A0C1371-F443-447F-A2BB-7C0385692A03}"
EndProject
Project("{2150E333-8FDC-42A3-9474-1A3956D46DE8}") = "services", "services", "{70E523B7-1DD8-4986-B101-B14CE5E9B645}"
EndProject
Project("{2150E333-8FDC-42A3-9474-1A3956D46DE8}") = "Commands", "Commands", "{1E463ECB-DDAE-4181-8908-7F3465F95217}"
EndProject
Project("{9A19103F-16F7-4668-BE54-9A1E7A4F7556}") = "Circle.Data.Managemet.Commands", "services\Commands\Circle.Data.Managemet.Commands\Circle.Data.Managemet.Commands.csproj", "{44F6BF90-20D1-4E3E-818C-47C3E41B22A2}"
EndProject
Project("{2150E333-8FDC-42A3-9474-1A3956D46DE8}") = "Queries", "Queries", "{E7DD72C5-902A-43FB-A6B0-359CE2AE82E0}"
EndProject
Project("{9A19103F-16F7-4668-BE54-9A1E7A4F7556}") = "Circle.Data.Management.Queries", "services\Queries\Circle.Data.Management.Queries\Circle.Data.Management.Queries.csproj", "{96DD1638-E2B8-4A60-B1E7-B8E6ABA28B80}"
EndProject
Project("{9A19103F-16F7-4668-BE54-9A1E7A4F7556}") = "Circle.Data.Requests", "services\Circle.Data.Requests\Circle.Data.Requests.csproj", "{08CF7D2D-5771-4F29-BF54-BD6BE5977E09}"
EndProject
Project("{9A19103F-16F7-4668-BE54-9A1E7A4F7556}") = "Circle.Data.Services", "services\Circle.Data.Services\Circle.Data.Services.csproj", "{5641AD2C-105B-40BF-BFB0-760FB4488FD1}"
EndProject
Global
	GlobalSection(SolutionConfigurationPlatforms) = preSolution
		Debug|Any CPU = Debug|Any CPU
		Release|Any CPU = Release|Any CPU
	EndGlobalSection
	GlobalSection(ProjectConfigurationPlatforms) = postSolution
		{787E06E4-E968-49BB-87C1-B3DA1E7EB6C8}.Debug|Any CPU.ActiveCfg = Debug|Any CPU
		{787E06E4-E968-49BB-87C1-B3DA1E7EB6C8}.Debug|Any CPU.Build.0 = Debug|Any CPU
		{787E06E4-E968-49BB-87C1-B3DA1E7EB6C8}.Release|Any CPU.ActiveCfg = Release|Any CPU
		{787E06E4-E968-49BB-87C1-B3DA1E7EB6C8}.Release|Any CPU.Build.0 = Release|Any CPU
		{EFE6B20B-C1CE-41D8-A2B8-62D890735EFD}.Debug|Any CPU.ActiveCfg = Debug|Any CPU
		{EFE6B20B-C1CE-41D8-A2B8-62D890735EFD}.Debug|Any CPU.Build.0 = Debug|Any CPU
		{EFE6B20B-C1CE-41D8-A2B8-62D890735EFD}.Release|Any CPU.ActiveCfg = Release|Any CPU
		{EFE6B20B-C1CE-41D8-A2B8-62D890735EFD}.Release|Any CPU.Build.0 = Release|Any CPU
		{4AB6A3AA-E43D-4154-BD40-11605BF7FEC4}.Debug|Any CPU.ActiveCfg = Debug|Any CPU
		{4AB6A3AA-E43D-4154-BD40-11605BF7FEC4}.Debug|Any CPU.Build.0 = Debug|Any CPU
		{4AB6A3AA-E43D-4154-BD40-11605BF7FEC4}.Release|Any CPU.ActiveCfg = Release|Any CPU
		{4AB6A3AA-E43D-4154-BD40-11605BF7FEC4}.Release|Any CPU.Build.0 = Release|Any CPU
		{6A0C1371-F443-447F-A2BB-7C0385692A03}.Debug|Any CPU.ActiveCfg = Debug|Any CPU
		{6A0C1371-F443-447F-A2BB-7C0385692A03}.Debug|Any CPU.Build.0 = Debug|Any CPU
		{6A0C1371-F443-447F-A2BB-7C0385692A03}.Release|Any CPU.ActiveCfg = Release|Any CPU
		{6A0C1371-F443-447F-A2BB-7C0385692A03}.Release|Any CPU.Build.0 = Release|Any CPU
		{44F6BF90-20D1-4E3E-818C-47C3E41B22A2}.Debug|Any CPU.ActiveCfg = Debug|Any CPU
		{44F6BF90-20D1-4E3E-818C-47C3E41B22A2}.Debug|Any CPU.Build.0 = Debug|Any CPU
		{44F6BF90-20D1-4E3E-818C-47C3E41B22A2}.Release|Any CPU.ActiveCfg = Release|Any CPU
		{44F6BF90-20D1-4E3E-818C-47C3E41B22A2}.Release|Any CPU.Build.0 = Release|Any CPU
		{96DD1638-E2B8-4A60-B1E7-B8E6ABA28B80}.Debug|Any CPU.ActiveCfg = Debug|Any CPU
		{96DD1638-E2B8-4A60-B1E7-B8E6ABA28B80}.Debug|Any CPU.Build.0 = Debug|Any CPU
		{96DD1638-E2B8-4A60-B1E7-B8E6ABA28B80}.Release|Any CPU.ActiveCfg = Release|Any CPU
		{96DD1638-E2B8-4A60-B1E7-B8E6ABA28B80}.Release|Any CPU.Build.0 = Release|Any CPU
		{08CF7D2D-5771-4F29-BF54-BD6BE5977E09}.Debug|Any CPU.ActiveCfg = Debug|Any CPU
		{08CF7D2D-5771-4F29-BF54-BD6BE5977E09}.Debug|Any CPU.Build.0 = Debug|Any CPU
		{08CF7D2D-5771-4F29-BF54-BD6BE5977E09}.Release|Any CPU.ActiveCfg = Release|Any CPU
		{08CF7D2D-5771-4F29-BF54-BD6BE5977E09}.Release|Any CPU.Build.0 = Release|Any CPU
		{5641AD2C-105B-40BF-BFB0-760FB4488FD1}.Debug|Any CPU.ActiveCfg = Debug|Any CPU
		{5641AD2C-105B-40BF-BFB0-760FB4488FD1}.Debug|Any CPU.Build.0 = Debug|Any CPU
		{5641AD2C-105B-40BF-BFB0-760FB4488FD1}.Release|Any CPU.ActiveCfg = Release|Any CPU
		{5641AD2C-105B-40BF-BFB0-760FB4488FD1}.Release|Any CPU.Build.0 = Release|Any CPU
	EndGlobalSection
	GlobalSection(SolutionProperties) = preSolution
		HideSolutionNode = FALSE
	EndGlobalSection
	GlobalSection(NestedProjects) = preSolution
		{787E06E4-E968-49BB-87C1-B3DA1E7EB6C8} = {A64AC78E-060B-4975-A514-6833045BB774}
		{EFE6B20B-C1CE-41D8-A2B8-62D890735EFD} = {4BF44994-C944-42E6-85FC-ABE7113934A8}
		{4AB6A3AA-E43D-4154-BD40-11605BF7FEC4} = {4BF44994-C944-42E6-85FC-ABE7113934A8}
		{6A0C1371-F443-447F-A2BB-7C0385692A03} = {261ECEB8-2FB4-4391-98ED-5D0B7396FB3C}
		{1E463ECB-DDAE-4181-8908-7F3465F95217} = {70E523B7-1DD8-4986-B101-B14CE5E9B645}
		{44F6BF90-20D1-4E3E-818C-47C3E41B22A2} = {1E463ECB-DDAE-4181-8908-7F3465F95217}
		{E7DD72C5-902A-43FB-A6B0-359CE2AE82E0} = {70E523B7-1DD8-4986-B101-B14CE5E9B645}
		{96DD1638-E2B8-4A60-B1E7-B8E6ABA28B80} = {E7DD72C5-902A-43FB-A6B0-359CE2AE82E0}
		{08CF7D2D-5771-4F29-BF54-BD6BE5977E09} = {70E523B7-1DD8-4986-B101-B14CE5E9B645}
		{5641AD2C-105B-40BF-BFB0-760FB4488FD1} = {70E523B7-1DD8-4986-B101-B14CE5E9B645}
	EndGlobalSection
	GlobalSection(ExtensibilityGlobals) = postSolution
		SolutionGuid = {80608ACB-51B8-46D9-9870-2000A0310C8E}
	EndGlobalSection
EndGlobal
