
Microsoft Visual Studio Solution File, Format Version 12.00
# Visual Studio Version 17
VisualStudioVersion = 17.2.32526.322
MinimumVisualStudioVersion = 10.0.40219.1
Project("{FAE04EC0-301F-11D3-BF4B-00C04F79EFBC}") = "Circle.Api", "Circle.Api\Circle.Api.csproj", "{C5EE6DFF-EFC0-4549-9FF5-D308D99444A5}"
EndProject
Global
	GlobalSection(SolutionConfigurationPlatforms) = preSolution
		Debug|Any CPU = Debug|Any CPU
		Release|Any CPU = Release|Any CPU
	EndGlobalSection
	GlobalSection(ProjectConfigurationPlatforms) = postSolution
		{C5EE6DFF-EFC0-4549-9FF5-D308D99444A5}.Debug|Any CPU.ActiveCfg = Debug|Any CPU
		{C5EE6DFF-EFC0-4549-9FF5-D308D99444A5}.Debug|Any CPU.Build.0 = Debug|Any CPU
		{C5EE6DFF-EFC0-4549-9FF5-D308D99444A5}.Release|Any CPU.ActiveCfg = Release|Any CPU
		{C5EE6DFF-EFC0-4549-9FF5-D308D99444A5}.Release|Any CPU.Build.0 = Release|Any CPU
	EndGlobalSection
	GlobalSection(SolutionProperties) = preSolution
		HideSolutionNode = FALSE
	EndGlobalSection
	GlobalSection(ExtensibilityGlobals) = postSolution
		SolutionGuid = {80608ACB-51B8-46D9-9870-2000A0310C8E}
	EndGlobalSection
EndGlobal
